
Microsoft Visual Studio Solution File, Format Version 12.00
# Visual Studio Version 17
VisualStudioVersion = 17.14.36623.8
MinimumVisualStudioVersion = 10.0.40219.1
Project("{FAE04EC0-301F-11D3-BF4B-00C04F79EFBC}") = "VeorCollection", "VeorCollection\VeorCollection.csproj", "{EDE669B7-B8AE-4517-A5CE-FE2623A35309}"
EndProject
Project("{2150E333-8FDC-42A3-9474-1A3956D46DE8}") = "Solution Items", "Solution Items", "{02EA681E-C7D8-13C7-8484-4AC65E1B71E8}"
	ProjectSection(SolutionItems) = preProject
		.editorconfig = .editorconfig
	EndProjectSection
EndProject
Project("{FAE04EC0-301F-11D3-BF4B-00C04F79EFBC}") = "denemekatmanı", "denemekatmanı\denemekatmanı.csproj", "{57406EC4-C5C6-4CA0-9FC6-A095188CEC53}"
EndProject
Global
	GlobalSection(SolutionConfigurationPlatforms) = preSolution
		Debug|Any CPU = Debug|Any CPU
		Release|Any CPU = Release|Any CPU
	EndGlobalSection
	GlobalSection(ProjectConfigurationPlatforms) = postSolution
		{EDE669B7-B8AE-4517-A5CE-FE2623A35309}.Debug|Any CPU.ActiveCfg = Debug|Any CPU
		{EDE669B7-B8AE-4517-A5CE-FE2623A35309}.Debug|Any CPU.Build.0 = Debug|Any CPU
		{EDE669B7-B8AE-4517-A5CE-FE2623A35309}.Release|Any CPU.ActiveCfg = Release|Any CPU
		{EDE669B7-B8AE-4517-A5CE-FE2623A35309}.Release|Any CPU.Build.0 = Release|Any CPU
		{57406EC4-C5C6-4CA0-9FC6-A095188CEC53}.Debug|Any CPU.ActiveCfg = Debug|Any CPU
		{57406EC4-C5C6-4CA0-9FC6-A095188CEC53}.Debug|Any CPU.Build.0 = Debug|Any CPU
		{57406EC4-C5C6-4CA0-9FC6-A095188CEC53}.Release|Any CPU.ActiveCfg = Release|Any CPU
		{57406EC4-C5C6-4CA0-9FC6-A095188CEC53}.Release|Any CPU.Build.0 = Release|Any CPU
	EndGlobalSection
	GlobalSection(SolutionProperties) = preSolution
		HideSolutionNode = FALSE
	EndGlobalSection
	GlobalSection(ExtensibilityGlobals) = postSolution
		SolutionGuid = {2B7D47CD-0558-4453-8633-C6AD0B9F05B6}
	EndGlobalSection
EndGlobal
